
Microsoft Visual Studio Solution File, Format Version 12.00
# Visual Studio Version 16
VisualStudioVersion = 16.0.30104.148
MinimumVisualStudioVersion = 10.0.40219.1
Project("{9A19103F-16F7-4668-BE54-9A1E7A4F7556}") = "CatalystAPI", "CatalystAPI\CatalystAPI.csproj", "{D60D3D6B-DB14-484D-951C-BA88B943EED8}"
EndProject
Global
	GlobalSection(SolutionConfigurationPlatforms) = preSolution
		Debug|Any CPU = Debug|Any CPU
		Release|Any CPU = Release|Any CPU
	EndGlobalSection
	GlobalSection(ProjectConfigurationPlatforms) = postSolution
		{D60D3D6B-DB14-484D-951C-BA88B943EED8}.Debug|Any CPU.ActiveCfg = Debug|Any CPU
		{D60D3D6B-DB14-484D-951C-BA88B943EED8}.Debug|Any CPU.Build.0 = Debug|Any CPU
		{D60D3D6B-DB14-484D-951C-BA88B943EED8}.Release|Any CPU.ActiveCfg = Release|Any CPU
		{D60D3D6B-DB14-484D-951C-BA88B943EED8}.Release|Any CPU.Build.0 = Release|Any CPU
	EndGlobalSection
	GlobalSection(SolutionProperties) = preSolution
		HideSolutionNode = FALSE
	EndGlobalSection
	GlobalSection(ExtensibilityGlobals) = postSolution
		SolutionGuid = {81B1C97E-2DE1-475F-A416-0AFE420586AE}
	EndGlobalSection
EndGlobal
